
Microsoft Visual Studio Solution File, Format Version 12.00
# Visual Studio Version 17
VisualStudioVersion = 17.2.32526.322
MinimumVisualStudioVersion = 10.0.40219.1
Project("{FAE04EC0-301F-11D3-BF4B-00C04F79EFBC}") = "ReflectionDemo", "ReflectionDemo\ReflectionDemo.csproj", "{68F2CF44-0FA1-40A4-BA53-2AC34E2EEC4A}"
EndProject
Global
	GlobalSection(SolutionConfigurationPlatforms) = preSolution
		Debug|Any CPU = Debug|Any CPU
		Release|Any CPU = Release|Any CPU
	EndGlobalSection
	GlobalSection(ProjectConfigurationPlatforms) = postSolution
		{68F2CF44-0FA1-40A4-BA53-2AC34E2EEC4A}.Debug|Any CPU.ActiveCfg = Debug|Any CPU
		{68F2CF44-0FA1-40A4-BA53-2AC34E2EEC4A}.Debug|Any CPU.Build.0 = Debug|Any CPU
		{68F2CF44-0FA1-40A4-BA53-2AC34E2EEC4A}.Release|Any CPU.ActiveCfg = Release|Any CPU
		{68F2CF44-0FA1-40A4-BA53-2AC34E2EEC4A}.Release|Any CPU.Build.0 = Release|Any CPU
	EndGlobalSection
	GlobalSection(SolutionProperties) = preSolution
		HideSolutionNode = FALSE
	EndGlobalSection
	GlobalSection(ExtensibilityGlobals) = postSolution
		SolutionGuid = {F1D8FD16-3525-4F8C-BF73-9A6A76D12037}
	EndGlobalSection
EndGlobal
